
Microsoft Visual Studio Solution File, Format Version 12.00
# Visual Studio Version 17
VisualStudioVersion = 17.5.33530.505
MinimumVisualStudioVersion = 10.0.40219.1
Project("{9A19103F-16F7-4668-BE54-9A1E7A4F7556}") = "ABCoder", "ABCoder.csproj", "{EFA6B9D1-BC19-4B28-A24B-E32B15655EAB}"
EndProject
Project("{2150E333-8FDC-42A3-9474-1A3956D46DE8}") = "Libraries", "Libraries", "{463E3050-FE3C-4C16-BFAD-3888DD76AD78}"
EndProject
Project("{9A19103F-16F7-4668-BE54-9A1E7A4F7556}") = "ChecksGeneral", "..\ChecksGeneral\ChecksGeneral.csproj", "{00115FC6-770A-4FA3-A364-93D4452208EA}"
EndProject
Project("{9A19103F-16F7-4668-BE54-9A1E7A4F7556}") = "Converter", "..\Converter\Converter.csproj", "{59D7B158-63CD-47AE-AA6D-407B71795C83}"
EndProject
Project("{9A19103F-16F7-4668-BE54-9A1E7A4F7556}") = "Goley_2312_C75", "..\Goley_2312_C75\Goley_2312_C75.csproj", "{F74CF9D1-F55A-4609-A091-AEA35C4B024B}"
EndProject
Project("{9A19103F-16F7-4668-BE54-9A1E7A4F7556}") = "Hamming_1611_13", "..\Hamming_1611_13\Hamming_1611_13.csproj", "{2FE1500E-FD59-4B65-8C48-13BF781449C8}"
EndProject
Project("{9A19103F-16F7-4668-BE54-9A1E7A4F7556}") = "OperationsGeneral", "..\OperationsGeneral\OperationsGeneral.csproj", "{CDAC545E-1FFD-43B0-BB39-0FA44825981C}"
EndProject
Project("{9A19103F-16F7-4668-BE54-9A1E7A4F7556}") = "TextOptions", "..\TextOptions\TextOptions.csproj", "{38B07C1B-E35D-454D-B172-4660DFD9DEEE}"
EndProject
Project("{9A19103F-16F7-4668-BE54-9A1E7A4F7556}") = "Goley_208_C75", "..\Goley_208_C75\Goley_208_C75.csproj", "{C9C3CEFB-0DA0-468C-BAC1-647D3E81DA0F}"
EndProject
Project("{9A19103F-16F7-4668-BE54-9A1E7A4F7556}") = "16_7_139_QuadraticResidue", "..\16_7_139_QuadraticResidue\16_7_139_QuadraticResidue.csproj", "{14B4FEC0-D7B7-469B-BC4C-A97BA01EBB0C}"
EndProject
Project("{9A19103F-16F7-4668-BE54-9A1E7A4F7556}") = "Hamming_1712_45", "..\Hamming_1712_45\Hamming_1712_45.csproj", "{2845FCB1-4A10-49B1-9CF3-AF03D6B4D69B}"
EndProject
Project("{9A19103F-16F7-4668-BE54-9A1E7A4F7556}") = "Hamming_139_13", "..\Hamming_139_13\Hamming_139_13.csproj", "{AAAC6EE5-2C70-48B9-B49F-1AAC9D0DEFC3}"
EndProject
Project("{FAE04EC0-301F-11D3-BF4B-00C04F79EFBC}") = "Hamming_1511_13", "..\Hamming_1511_13\Hamming_1511_13.csproj", "{63E65171-1F19-450E-AD32-FC26DC92E4DC}"
EndProject
Global
	GlobalSection(SolutionConfigurationPlatforms) = preSolution
		Debug|Any CPU = Debug|Any CPU
		Release|Any CPU = Release|Any CPU
	EndGlobalSection
	GlobalSection(ProjectConfigurationPlatforms) = postSolution
		{EFA6B9D1-BC19-4B28-A24B-E32B15655EAB}.Debug|Any CPU.ActiveCfg = Debug|Any CPU
		{EFA6B9D1-BC19-4B28-A24B-E32B15655EAB}.Debug|Any CPU.Build.0 = Debug|Any CPU
		{EFA6B9D1-BC19-4B28-A24B-E32B15655EAB}.Release|Any CPU.ActiveCfg = Release|Any CPU
		{EFA6B9D1-BC19-4B28-A24B-E32B15655EAB}.Release|Any CPU.Build.0 = Release|Any CPU
		{00115FC6-770A-4FA3-A364-93D4452208EA}.Debug|Any CPU.ActiveCfg = Debug|Any CPU
		{00115FC6-770A-4FA3-A364-93D4452208EA}.Debug|Any CPU.Build.0 = Debug|Any CPU
		{00115FC6-770A-4FA3-A364-93D4452208EA}.Release|Any CPU.ActiveCfg = Release|Any CPU
		{00115FC6-770A-4FA3-A364-93D4452208EA}.Release|Any CPU.Build.0 = Release|Any CPU
		{59D7B158-63CD-47AE-AA6D-407B71795C83}.Debug|Any CPU.ActiveCfg = Debug|Any CPU
		{59D7B158-63CD-47AE-AA6D-407B71795C83}.Debug|Any CPU.Build.0 = Debug|Any CPU
		{59D7B158-63CD-47AE-AA6D-407B71795C83}.Release|Any CPU.ActiveCfg = Release|Any CPU
		{59D7B158-63CD-47AE-AA6D-407B71795C83}.Release|Any CPU.Build.0 = Release|Any CPU
		{F74CF9D1-F55A-4609-A091-AEA35C4B024B}.Debug|Any CPU.ActiveCfg = Debug|Any CPU
		{F74CF9D1-F55A-4609-A091-AEA35C4B024B}.Debug|Any CPU.Build.0 = Debug|Any CPU
		{F74CF9D1-F55A-4609-A091-AEA35C4B024B}.Release|Any CPU.ActiveCfg = Release|Any CPU
		{F74CF9D1-F55A-4609-A091-AEA35C4B024B}.Release|Any CPU.Build.0 = Release|Any CPU
		{2FE1500E-FD59-4B65-8C48-13BF781449C8}.Debug|Any CPU.ActiveCfg = Debug|Any CPU
		{2FE1500E-FD59-4B65-8C48-13BF781449C8}.Debug|Any CPU.Build.0 = Debug|Any CPU
		{2FE1500E-FD59-4B65-8C48-13BF781449C8}.Release|Any CPU.ActiveCfg = Release|Any CPU
		{2FE1500E-FD59-4B65-8C48-13BF781449C8}.Release|Any CPU.Build.0 = Release|Any CPU
		{CDAC545E-1FFD-43B0-BB39-0FA44825981C}.Debug|Any CPU.ActiveCfg = Debug|Any CPU
		{CDAC545E-1FFD-43B0-BB39-0FA44825981C}.Debug|Any CPU.Build.0 = Debug|Any CPU
		{CDAC545E-1FFD-43B0-BB39-0FA44825981C}.Release|Any CPU.ActiveCfg = Release|Any CPU
		{CDAC545E-1FFD-43B0-BB39-0FA44825981C}.Release|Any CPU.Build.0 = Release|Any CPU
		{38B07C1B-E35D-454D-B172-4660DFD9DEEE}.Debug|Any CPU.ActiveCfg = Debug|Any CPU
		{38B07C1B-E35D-454D-B172-4660DFD9DEEE}.Debug|Any CPU.Build.0 = Debug|Any CPU
		{38B07C1B-E35D-454D-B172-4660DFD9DEEE}.Release|Any CPU.ActiveCfg = Release|Any CPU
		{38B07C1B-E35D-454D-B172-4660DFD9DEEE}.Release|Any CPU.Build.0 = Release|Any CPU
		{C9C3CEFB-0DA0-468C-BAC1-647D3E81DA0F}.Debug|Any CPU.ActiveCfg = Debug|Any CPU
		{C9C3CEFB-0DA0-468C-BAC1-647D3E81DA0F}.Debug|Any CPU.Build.0 = Debug|Any CPU
		{C9C3CEFB-0DA0-468C-BAC1-647D3E81DA0F}.Release|Any CPU.ActiveCfg = Release|Any CPU
		{C9C3CEFB-0DA0-468C-BAC1-647D3E81DA0F}.Release|Any CPU.Build.0 = Release|Any CPU
		{14B4FEC0-D7B7-469B-BC4C-A97BA01EBB0C}.Debug|Any CPU.ActiveCfg = Debug|Any CPU
		{14B4FEC0-D7B7-469B-BC4C-A97BA01EBB0C}.Debug|Any CPU.Build.0 = Debug|Any CPU
		{14B4FEC0-D7B7-469B-BC4C-A97BA01EBB0C}.Release|Any CPU.ActiveCfg = Release|Any CPU
		{14B4FEC0-D7B7-469B-BC4C-A97BA01EBB0C}.Release|Any CPU.Build.0 = Release|Any CPU
		{2845FCB1-4A10-49B1-9CF3-AF03D6B4D69B}.Debug|Any CPU.ActiveCfg = Debug|Any CPU
		{2845FCB1-4A10-49B1-9CF3-AF03D6B4D69B}.Debug|Any CPU.Build.0 = Debug|Any CPU
		{2845FCB1-4A10-49B1-9CF3-AF03D6B4D69B}.Release|Any CPU.ActiveCfg = Release|Any CPU
		{2845FCB1-4A10-49B1-9CF3-AF03D6B4D69B}.Release|Any CPU.Build.0 = Release|Any CPU
		{AAAC6EE5-2C70-48B9-B49F-1AAC9D0DEFC3}.Debug|Any CPU.ActiveCfg = Debug|Any CPU
		{AAAC6EE5-2C70-48B9-B49F-1AAC9D0DEFC3}.Debug|Any CPU.Build.0 = Debug|Any CPU
		{AAAC6EE5-2C70-48B9-B49F-1AAC9D0DEFC3}.Release|Any CPU.ActiveCfg = Release|Any CPU
		{AAAC6EE5-2C70-48B9-B49F-1AAC9D0DEFC3}.Release|Any CPU.Build.0 = Release|Any CPU
		{63E65171-1F19-450E-AD32-FC26DC92E4DC}.Debug|Any CPU.ActiveCfg = Debug|Any CPU
		{63E65171-1F19-450E-AD32-FC26DC92E4DC}.Debug|Any CPU.Build.0 = Debug|Any CPU
		{63E65171-1F19-450E-AD32-FC26DC92E4DC}.Release|Any CPU.ActiveCfg = Release|Any CPU
		{63E65171-1F19-450E-AD32-FC26DC92E4DC}.Release|Any CPU.Build.0 = Release|Any CPU
	EndGlobalSection
	GlobalSection(SolutionProperties) = preSolution
		HideSolutionNode = FALSE
	EndGlobalSection
	GlobalSection(NestedProjects) = preSolution
		{00115FC6-770A-4FA3-A364-93D4452208EA} = {463E3050-FE3C-4C16-BFAD-3888DD76AD78}
		{59D7B158-63CD-47AE-AA6D-407B71795C83} = {463E3050-FE3C-4C16-BFAD-3888DD76AD78}
		{F74CF9D1-F55A-4609-A091-AEA35C4B024B} = {463E3050-FE3C-4C16-BFAD-3888DD76AD78}
		{2FE1500E-FD59-4B65-8C48-13BF781449C8} = {463E3050-FE3C-4C16-BFAD-3888DD76AD78}
		{CDAC545E-1FFD-43B0-BB39-0FA44825981C} = {463E3050-FE3C-4C16-BFAD-3888DD76AD78}
		{38B07C1B-E35D-454D-B172-4660DFD9DEEE} = {463E3050-FE3C-4C16-BFAD-3888DD76AD78}
		{C9C3CEFB-0DA0-468C-BAC1-647D3E81DA0F} = {463E3050-FE3C-4C16-BFAD-3888DD76AD78}
		{14B4FEC0-D7B7-469B-BC4C-A97BA01EBB0C} = {463E3050-FE3C-4C16-BFAD-3888DD76AD78}
		{2845FCB1-4A10-49B1-9CF3-AF03D6B4D69B} = {463E3050-FE3C-4C16-BFAD-3888DD76AD78}
		{AAAC6EE5-2C70-48B9-B49F-1AAC9D0DEFC3} = {463E3050-FE3C-4C16-BFAD-3888DD76AD78}
		{63E65171-1F19-450E-AD32-FC26DC92E4DC} = {463E3050-FE3C-4C16-BFAD-3888DD76AD78}
	EndGlobalSection
	GlobalSection(ExtensibilityGlobals) = postSolution
		SolutionGuid = {F7A3F269-D177-4524-AB78-5F17BF94ACB6}
	EndGlobalSection
EndGlobal
